
Microsoft Visual Studio Solution File, Format Version 12.00
# Visual Studio 15
VisualStudioVersion = 15.0.28307.168
MinimumVisualStudioVersion = 10.0.40219.1
Project("{FAE04EC0-301F-11D3-BF4B-00C04F79EFBC}") = "ElementaryTask1", "Elementary-Tasks-1\ElementaryTask1.csproj", "{C76F051A-516B-469E-8CA9-5C577BBA5110}"
EndProject
Project("{FAE04EC0-301F-11D3-BF4B-00C04F79EFBC}") = "ElementaryTask2", "Elementary-Tasks-2\ElementaryTask2.csproj", "{F656141E-E702-4CD1-A81F-F47FC98FA25F}"
EndProject
Project("{FAE04EC0-301F-11D3-BF4B-00C04F79EFBC}") = "ElementaryTask3", "Elementary-Tasks-3\ElementaryTask3.csproj", "{8310CF75-1B8B-4830-BACD-8D3B455A0FD8}"
EndProject
Project("{FAE04EC0-301F-11D3-BF4B-00C04F79EFBC}") = "ElementaryTask4", "Elementary-Tasks-4\ElementaryTask4.csproj", "{FB6D855C-4F64-4F63-9255-F40246959CA1}"
EndProject
Project("{FAE04EC0-301F-11D3-BF4B-00C04F79EFBC}") = "ElementaryTask5", "Elementary-Tasks-5\ElementaryTask5.csproj", "{2D9FBCD8-974B-4663-BC1E-C77E1B619EEE}"
EndProject
Project("{FAE04EC0-301F-11D3-BF4B-00C04F79EFBC}") = "ElementaryTask6", "Elementary-Tasks-6\ElementaryTask6.csproj", "{57268E21-A883-488C-A0F9-1A1A68E52349}"
EndProject
Project("{FAE04EC0-301F-11D3-BF4B-00C04F79EFBC}") = "ElementaryTask3Tests", "UnitTestProject2\ElementaryTask3Tests.csproj", "{D4F5B49C-7A1B-4F2F-8C75-94656E2AAB4D}"
EndProject
Project("{FAE04EC0-301F-11D3-BF4B-00C04F79EFBC}") = "ElementaryTask7", "Elementary-Tasks-7-8\ElementaryTask7.csproj", "{1B9F52CE-CBB6-4B59-BD69-5F890EFE8F51}"
EndProject
Project("{FAE04EC0-301F-11D3-BF4B-00C04F79EFBC}") = "ElementaryTask7Test", "Elementary-Tasks-7-8Test\ElementaryTask7Test.csproj", "{0CCD4BE1-4DBA-4373-A2AC-6B4BA9CB6719}"
EndProject
Project("{FAE04EC0-301F-11D3-BF4B-00C04F79EFBC}") = "SharedLib", "SLib\SharedLib.csproj", "{1ABBFCA6-5B79-4AC6-BC0D-A421CE63B318}"
EndProject
Project("{FAE04EC0-301F-11D3-BF4B-00C04F79EFBC}") = "ElementaryTask8", "ElementaryTasks8\ElementaryTask8.csproj", "{BF977A00-BFD0-4CEE-A80F-29DCDB636C05}"
EndProject
Project("{FAE04EC0-301F-11D3-BF4B-00C04F79EFBC}") = "ElementaryTask8Test", "ElementaryTask8Test\ElementaryTask8Test.csproj", "{DC24B60A-BB14-4E7A-8FCC-75F7E6A31428}"
EndProject
Global
	GlobalSection(SolutionConfigurationPlatforms) = preSolution
		Debug|Any CPU = Debug|Any CPU
		Debug|ARM = Debug|ARM
		Debug|ARM64 = Debug|ARM64
		Debug|x64 = Debug|x64
		Debug|x86 = Debug|x86
		Release|Any CPU = Release|Any CPU
		Release|ARM = Release|ARM
		Release|ARM64 = Release|ARM64
		Release|x64 = Release|x64
		Release|x86 = Release|x86
	EndGlobalSection
	GlobalSection(ProjectConfigurationPlatforms) = postSolution
		{C76F051A-516B-469E-8CA9-5C577BBA5110}.Debug|Any CPU.ActiveCfg = Debug|Any CPU
		{C76F051A-516B-469E-8CA9-5C577BBA5110}.Debug|Any CPU.Build.0 = Debug|Any CPU
		{C76F051A-516B-469E-8CA9-5C577BBA5110}.Debug|ARM.ActiveCfg = Debug|Any CPU
		{C76F051A-516B-469E-8CA9-5C577BBA5110}.Debug|ARM.Build.0 = Debug|Any CPU
		{C76F051A-516B-469E-8CA9-5C577BBA5110}.Debug|ARM64.ActiveCfg = Debug|Any CPU
		{C76F051A-516B-469E-8CA9-5C577BBA5110}.Debug|ARM64.Build.0 = Debug|Any CPU
		{C76F051A-516B-469E-8CA9-5C577BBA5110}.Debug|x64.ActiveCfg = Debug|Any CPU
		{C76F051A-516B-469E-8CA9-5C577BBA5110}.Debug|x64.Build.0 = Debug|Any CPU
		{C76F051A-516B-469E-8CA9-5C577BBA5110}.Debug|x86.ActiveCfg = Debug|Any CPU
		{C76F051A-516B-469E-8CA9-5C577BBA5110}.Debug|x86.Build.0 = Debug|Any CPU
		{C76F051A-516B-469E-8CA9-5C577BBA5110}.Release|Any CPU.ActiveCfg = Release|Any CPU
		{C76F051A-516B-469E-8CA9-5C577BBA5110}.Release|Any CPU.Build.0 = Release|Any CPU
		{C76F051A-516B-469E-8CA9-5C577BBA5110}.Release|ARM.ActiveCfg = Release|Any CPU
		{C76F051A-516B-469E-8CA9-5C577BBA5110}.Release|ARM.Build.0 = Release|Any CPU
		{C76F051A-516B-469E-8CA9-5C577BBA5110}.Release|ARM64.ActiveCfg = Release|Any CPU
		{C76F051A-516B-469E-8CA9-5C577BBA5110}.Release|ARM64.Build.0 = Release|Any CPU
		{C76F051A-516B-469E-8CA9-5C577BBA5110}.Release|x64.ActiveCfg = Release|Any CPU
		{C76F051A-516B-469E-8CA9-5C577BBA5110}.Release|x64.Build.0 = Release|Any CPU
		{C76F051A-516B-469E-8CA9-5C577BBA5110}.Release|x86.ActiveCfg = Release|Any CPU
		{C76F051A-516B-469E-8CA9-5C577BBA5110}.Release|x86.Build.0 = Release|Any CPU
		{F656141E-E702-4CD1-A81F-F47FC98FA25F}.Debug|Any CPU.ActiveCfg = Debug|Any CPU
		{F656141E-E702-4CD1-A81F-F47FC98FA25F}.Debug|Any CPU.Build.0 = Debug|Any CPU
		{F656141E-E702-4CD1-A81F-F47FC98FA25F}.Debug|ARM.ActiveCfg = Debug|Any CPU
		{F656141E-E702-4CD1-A81F-F47FC98FA25F}.Debug|ARM.Build.0 = Debug|Any CPU
		{F656141E-E702-4CD1-A81F-F47FC98FA25F}.Debug|ARM64.ActiveCfg = Debug|Any CPU
		{F656141E-E702-4CD1-A81F-F47FC98FA25F}.Debug|ARM64.Build.0 = Debug|Any CPU
		{F656141E-E702-4CD1-A81F-F47FC98FA25F}.Debug|x64.ActiveCfg = Debug|Any CPU
		{F656141E-E702-4CD1-A81F-F47FC98FA25F}.Debug|x64.Build.0 = Debug|Any CPU
		{F656141E-E702-4CD1-A81F-F47FC98FA25F}.Debug|x86.ActiveCfg = Debug|Any CPU
		{F656141E-E702-4CD1-A81F-F47FC98FA25F}.Debug|x86.Build.0 = Debug|Any CPU
		{F656141E-E702-4CD1-A81F-F47FC98FA25F}.Release|Any CPU.ActiveCfg = Release|Any CPU
		{F656141E-E702-4CD1-A81F-F47FC98FA25F}.Release|Any CPU.Build.0 = Release|Any CPU
		{F656141E-E702-4CD1-A81F-F47FC98FA25F}.Release|ARM.ActiveCfg = Release|Any CPU
		{F656141E-E702-4CD1-A81F-F47FC98FA25F}.Release|ARM.Build.0 = Release|Any CPU
		{F656141E-E702-4CD1-A81F-F47FC98FA25F}.Release|ARM64.ActiveCfg = Release|Any CPU
		{F656141E-E702-4CD1-A81F-F47FC98FA25F}.Release|ARM64.Build.0 = Release|Any CPU
		{F656141E-E702-4CD1-A81F-F47FC98FA25F}.Release|x64.ActiveCfg = Release|Any CPU
		{F656141E-E702-4CD1-A81F-F47FC98FA25F}.Release|x64.Build.0 = Release|Any CPU
		{F656141E-E702-4CD1-A81F-F47FC98FA25F}.Release|x86.ActiveCfg = Release|Any CPU
		{F656141E-E702-4CD1-A81F-F47FC98FA25F}.Release|x86.Build.0 = Release|Any CPU
		{8310CF75-1B8B-4830-BACD-8D3B455A0FD8}.Debug|Any CPU.ActiveCfg = Debug|Any CPU
		{8310CF75-1B8B-4830-BACD-8D3B455A0FD8}.Debug|Any CPU.Build.0 = Debug|Any CPU
		{8310CF75-1B8B-4830-BACD-8D3B455A0FD8}.Debug|ARM.ActiveCfg = Debug|Any CPU
		{8310CF75-1B8B-4830-BACD-8D3B455A0FD8}.Debug|ARM.Build.0 = Debug|Any CPU
		{8310CF75-1B8B-4830-BACD-8D3B455A0FD8}.Debug|ARM64.ActiveCfg = Debug|Any CPU
		{8310CF75-1B8B-4830-BACD-8D3B455A0FD8}.Debug|ARM64.Build.0 = Debug|Any CPU
		{8310CF75-1B8B-4830-BACD-8D3B455A0FD8}.Debug|x64.ActiveCfg = Debug|Any CPU
		{8310CF75-1B8B-4830-BACD-8D3B455A0FD8}.Debug|x64.Build.0 = Debug|Any CPU
		{8310CF75-1B8B-4830-BACD-8D3B455A0FD8}.Debug|x86.ActiveCfg = Debug|Any CPU
		{8310CF75-1B8B-4830-BACD-8D3B455A0FD8}.Debug|x86.Build.0 = Debug|Any CPU
		{8310CF75-1B8B-4830-BACD-8D3B455A0FD8}.Release|Any CPU.ActiveCfg = Release|Any CPU
		{8310CF75-1B8B-4830-BACD-8D3B455A0FD8}.Release|Any CPU.Build.0 = Release|Any CPU
		{8310CF75-1B8B-4830-BACD-8D3B455A0FD8}.Release|ARM.ActiveCfg = Release|Any CPU
		{8310CF75-1B8B-4830-BACD-8D3B455A0FD8}.Release|ARM.Build.0 = Release|Any CPU
		{8310CF75-1B8B-4830-BACD-8D3B455A0FD8}.Release|ARM64.ActiveCfg = Release|Any CPU
		{8310CF75-1B8B-4830-BACD-8D3B455A0FD8}.Release|ARM64.Build.0 = Release|Any CPU
		{8310CF75-1B8B-4830-BACD-8D3B455A0FD8}.Release|x64.ActiveCfg = Release|Any CPU
		{8310CF75-1B8B-4830-BACD-8D3B455A0FD8}.Release|x64.Build.0 = Release|Any CPU
		{8310CF75-1B8B-4830-BACD-8D3B455A0FD8}.Release|x86.ActiveCfg = Release|Any CPU
		{8310CF75-1B8B-4830-BACD-8D3B455A0FD8}.Release|x86.Build.0 = Release|Any CPU
		{FB6D855C-4F64-4F63-9255-F40246959CA1}.Debug|Any CPU.ActiveCfg = Debug|Any CPU
		{FB6D855C-4F64-4F63-9255-F40246959CA1}.Debug|Any CPU.Build.0 = Debug|Any CPU
		{FB6D855C-4F64-4F63-9255-F40246959CA1}.Debug|ARM.ActiveCfg = Debug|Any CPU
		{FB6D855C-4F64-4F63-9255-F40246959CA1}.Debug|ARM.Build.0 = Debug|Any CPU
		{FB6D855C-4F64-4F63-9255-F40246959CA1}.Debug|ARM64.ActiveCfg = Debug|Any CPU
		{FB6D855C-4F64-4F63-9255-F40246959CA1}.Debug|ARM64.Build.0 = Debug|Any CPU
		{FB6D855C-4F64-4F63-9255-F40246959CA1}.Debug|x64.ActiveCfg = Debug|Any CPU
		{FB6D855C-4F64-4F63-9255-F40246959CA1}.Debug|x64.Build.0 = Debug|Any CPU
		{FB6D855C-4F64-4F63-9255-F40246959CA1}.Debug|x86.ActiveCfg = Debug|Any CPU
		{FB6D855C-4F64-4F63-9255-F40246959CA1}.Debug|x86.Build.0 = Debug|Any CPU
		{FB6D855C-4F64-4F63-9255-F40246959CA1}.Release|Any CPU.ActiveCfg = Release|Any CPU
		{FB6D855C-4F64-4F63-9255-F40246959CA1}.Release|Any CPU.Build.0 = Release|Any CPU
		{FB6D855C-4F64-4F63-9255-F40246959CA1}.Release|ARM.ActiveCfg = Release|Any CPU
		{FB6D855C-4F64-4F63-9255-F40246959CA1}.Release|ARM.Build.0 = Release|Any CPU
		{FB6D855C-4F64-4F63-9255-F40246959CA1}.Release|ARM64.ActiveCfg = Release|Any CPU
		{FB6D855C-4F64-4F63-9255-F40246959CA1}.Release|ARM64.Build.0 = Release|Any CPU
		{FB6D855C-4F64-4F63-9255-F40246959CA1}.Release|x64.ActiveCfg = Release|Any CPU
		{FB6D855C-4F64-4F63-9255-F40246959CA1}.Release|x64.Build.0 = Release|Any CPU
		{FB6D855C-4F64-4F63-9255-F40246959CA1}.Release|x86.ActiveCfg = Release|Any CPU
		{FB6D855C-4F64-4F63-9255-F40246959CA1}.Release|x86.Build.0 = Release|Any CPU
		{2D9FBCD8-974B-4663-BC1E-C77E1B619EEE}.Debug|Any CPU.ActiveCfg = Debug|Any CPU
		{2D9FBCD8-974B-4663-BC1E-C77E1B619EEE}.Debug|Any CPU.Build.0 = Debug|Any CPU
		{2D9FBCD8-974B-4663-BC1E-C77E1B619EEE}.Debug|ARM.ActiveCfg = Debug|Any CPU
		{2D9FBCD8-974B-4663-BC1E-C77E1B619EEE}.Debug|ARM.Build.0 = Debug|Any CPU
		{2D9FBCD8-974B-4663-BC1E-C77E1B619EEE}.Debug|ARM64.ActiveCfg = Debug|Any CPU
		{2D9FBCD8-974B-4663-BC1E-C77E1B619EEE}.Debug|ARM64.Build.0 = Debug|Any CPU
		{2D9FBCD8-974B-4663-BC1E-C77E1B619EEE}.Debug|x64.ActiveCfg = Debug|Any CPU
		{2D9FBCD8-974B-4663-BC1E-C77E1B619EEE}.Debug|x64.Build.0 = Debug|Any CPU
		{2D9FBCD8-974B-4663-BC1E-C77E1B619EEE}.Debug|x86.ActiveCfg = Debug|Any CPU
		{2D9FBCD8-974B-4663-BC1E-C77E1B619EEE}.Debug|x86.Build.0 = Debug|Any CPU
		{2D9FBCD8-974B-4663-BC1E-C77E1B619EEE}.Release|Any CPU.ActiveCfg = Release|Any CPU
		{2D9FBCD8-974B-4663-BC1E-C77E1B619EEE}.Release|Any CPU.Build.0 = Release|Any CPU
		{2D9FBCD8-974B-4663-BC1E-C77E1B619EEE}.Release|ARM.ActiveCfg = Release|Any CPU
		{2D9FBCD8-974B-4663-BC1E-C77E1B619EEE}.Release|ARM.Build.0 = Release|Any CPU
		{2D9FBCD8-974B-4663-BC1E-C77E1B619EEE}.Release|ARM64.ActiveCfg = Release|Any CPU
		{2D9FBCD8-974B-4663-BC1E-C77E1B619EEE}.Release|ARM64.Build.0 = Release|Any CPU
		{2D9FBCD8-974B-4663-BC1E-C77E1B619EEE}.Release|x64.ActiveCfg = Release|Any CPU
		{2D9FBCD8-974B-4663-BC1E-C77E1B619EEE}.Release|x64.Build.0 = Release|Any CPU
		{2D9FBCD8-974B-4663-BC1E-C77E1B619EEE}.Release|x86.ActiveCfg = Release|Any CPU
		{2D9FBCD8-974B-4663-BC1E-C77E1B619EEE}.Release|x86.Build.0 = Release|Any CPU
		{57268E21-A883-488C-A0F9-1A1A68E52349}.Debug|Any CPU.ActiveCfg = Debug|Any CPU
		{57268E21-A883-488C-A0F9-1A1A68E52349}.Debug|Any CPU.Build.0 = Debug|Any CPU
		{57268E21-A883-488C-A0F9-1A1A68E52349}.Debug|ARM.ActiveCfg = Debug|Any CPU
		{57268E21-A883-488C-A0F9-1A1A68E52349}.Debug|ARM.Build.0 = Debug|Any CPU
		{57268E21-A883-488C-A0F9-1A1A68E52349}.Debug|ARM64.ActiveCfg = Debug|Any CPU
		{57268E21-A883-488C-A0F9-1A1A68E52349}.Debug|ARM64.Build.0 = Debug|Any CPU
		{57268E21-A883-488C-A0F9-1A1A68E52349}.Debug|x64.ActiveCfg = Debug|Any CPU
		{57268E21-A883-488C-A0F9-1A1A68E52349}.Debug|x64.Build.0 = Debug|Any CPU
		{57268E21-A883-488C-A0F9-1A1A68E52349}.Debug|x86.ActiveCfg = Debug|Any CPU
		{57268E21-A883-488C-A0F9-1A1A68E52349}.Debug|x86.Build.0 = Debug|Any CPU
		{57268E21-A883-488C-A0F9-1A1A68E52349}.Release|Any CPU.ActiveCfg = Release|Any CPU
		{57268E21-A883-488C-A0F9-1A1A68E52349}.Release|Any CPU.Build.0 = Release|Any CPU
		{57268E21-A883-488C-A0F9-1A1A68E52349}.Release|ARM.ActiveCfg = Release|Any CPU
		{57268E21-A883-488C-A0F9-1A1A68E52349}.Release|ARM.Build.0 = Release|Any CPU
		{57268E21-A883-488C-A0F9-1A1A68E52349}.Release|ARM64.ActiveCfg = Release|Any CPU
		{57268E21-A883-488C-A0F9-1A1A68E52349}.Release|ARM64.Build.0 = Release|Any CPU
		{57268E21-A883-488C-A0F9-1A1A68E52349}.Release|x64.ActiveCfg = Release|Any CPU
		{57268E21-A883-488C-A0F9-1A1A68E52349}.Release|x64.Build.0 = Release|Any CPU
		{57268E21-A883-488C-A0F9-1A1A68E52349}.Release|x86.ActiveCfg = Release|Any CPU
		{57268E21-A883-488C-A0F9-1A1A68E52349}.Release|x86.Build.0 = Release|Any CPU
		{D4F5B49C-7A1B-4F2F-8C75-94656E2AAB4D}.Debug|Any CPU.ActiveCfg = Debug|Any CPU
		{D4F5B49C-7A1B-4F2F-8C75-94656E2AAB4D}.Debug|Any CPU.Build.0 = Debug|Any CPU
		{D4F5B49C-7A1B-4F2F-8C75-94656E2AAB4D}.Debug|ARM.ActiveCfg = Debug|Any CPU
		{D4F5B49C-7A1B-4F2F-8C75-94656E2AAB4D}.Debug|ARM.Build.0 = Debug|Any CPU
		{D4F5B49C-7A1B-4F2F-8C75-94656E2AAB4D}.Debug|ARM64.ActiveCfg = Debug|Any CPU
		{D4F5B49C-7A1B-4F2F-8C75-94656E2AAB4D}.Debug|ARM64.Build.0 = Debug|Any CPU
		{D4F5B49C-7A1B-4F2F-8C75-94656E2AAB4D}.Debug|x64.ActiveCfg = Debug|Any CPU
		{D4F5B49C-7A1B-4F2F-8C75-94656E2AAB4D}.Debug|x64.Build.0 = Debug|Any CPU
		{D4F5B49C-7A1B-4F2F-8C75-94656E2AAB4D}.Debug|x86.ActiveCfg = Debug|Any CPU
		{D4F5B49C-7A1B-4F2F-8C75-94656E2AAB4D}.Debug|x86.Build.0 = Debug|Any CPU
		{D4F5B49C-7A1B-4F2F-8C75-94656E2AAB4D}.Release|Any CPU.ActiveCfg = Release|Any CPU
		{D4F5B49C-7A1B-4F2F-8C75-94656E2AAB4D}.Release|Any CPU.Build.0 = Release|Any CPU
		{D4F5B49C-7A1B-4F2F-8C75-94656E2AAB4D}.Release|ARM.ActiveCfg = Release|Any CPU
		{D4F5B49C-7A1B-4F2F-8C75-94656E2AAB4D}.Release|ARM.Build.0 = Release|Any CPU
		{D4F5B49C-7A1B-4F2F-8C75-94656E2AAB4D}.Release|ARM64.ActiveCfg = Release|Any CPU
		{D4F5B49C-7A1B-4F2F-8C75-94656E2AAB4D}.Release|ARM64.Build.0 = Release|Any CPU
		{D4F5B49C-7A1B-4F2F-8C75-94656E2AAB4D}.Release|x64.ActiveCfg = Release|Any CPU
		{D4F5B49C-7A1B-4F2F-8C75-94656E2AAB4D}.Release|x64.Build.0 = Release|Any CPU
		{D4F5B49C-7A1B-4F2F-8C75-94656E2AAB4D}.Release|x86.ActiveCfg = Release|Any CPU
		{D4F5B49C-7A1B-4F2F-8C75-94656E2AAB4D}.Release|x86.Build.0 = Release|Any CPU
		{1B9F52CE-CBB6-4B59-BD69-5F890EFE8F51}.Debug|Any CPU.ActiveCfg = Debug|Any CPU
		{1B9F52CE-CBB6-4B59-BD69-5F890EFE8F51}.Debug|Any CPU.Build.0 = Debug|Any CPU
		{1B9F52CE-CBB6-4B59-BD69-5F890EFE8F51}.Debug|ARM.ActiveCfg = Debug|Any CPU
		{1B9F52CE-CBB6-4B59-BD69-5F890EFE8F51}.Debug|ARM.Build.0 = Debug|Any CPU
		{1B9F52CE-CBB6-4B59-BD69-5F890EFE8F51}.Debug|ARM64.ActiveCfg = Debug|Any CPU
		{1B9F52CE-CBB6-4B59-BD69-5F890EFE8F51}.Debug|ARM64.Build.0 = Debug|Any CPU
		{1B9F52CE-CBB6-4B59-BD69-5F890EFE8F51}.Debug|x64.ActiveCfg = Debug|Any CPU
		{1B9F52CE-CBB6-4B59-BD69-5F890EFE8F51}.Debug|x64.Build.0 = Debug|Any CPU
		{1B9F52CE-CBB6-4B59-BD69-5F890EFE8F51}.Debug|x86.ActiveCfg = Debug|Any CPU
		{1B9F52CE-CBB6-4B59-BD69-5F890EFE8F51}.Debug|x86.Build.0 = Debug|Any CPU
		{1B9F52CE-CBB6-4B59-BD69-5F890EFE8F51}.Release|Any CPU.ActiveCfg = Release|Any CPU
		{1B9F52CE-CBB6-4B59-BD69-5F890EFE8F51}.Release|Any CPU.Build.0 = Release|Any CPU
		{1B9F52CE-CBB6-4B59-BD69-5F890EFE8F51}.Release|ARM.ActiveCfg = Release|Any CPU
		{1B9F52CE-CBB6-4B59-BD69-5F890EFE8F51}.Release|ARM.Build.0 = Release|Any CPU
		{1B9F52CE-CBB6-4B59-BD69-5F890EFE8F51}.Release|ARM64.ActiveCfg = Release|Any CPU
		{1B9F52CE-CBB6-4B59-BD69-5F890EFE8F51}.Release|ARM64.Build.0 = Release|Any CPU
		{1B9F52CE-CBB6-4B59-BD69-5F890EFE8F51}.Release|x64.ActiveCfg = Release|Any CPU
		{1B9F52CE-CBB6-4B59-BD69-5F890EFE8F51}.Release|x64.Build.0 = Release|Any CPU
		{1B9F52CE-CBB6-4B59-BD69-5F890EFE8F51}.Release|x86.ActiveCfg = Release|Any CPU
		{1B9F52CE-CBB6-4B59-BD69-5F890EFE8F51}.Release|x86.Build.0 = Release|Any CPU
		{0CCD4BE1-4DBA-4373-A2AC-6B4BA9CB6719}.Debug|Any CPU.ActiveCfg = Debug|Any CPU
		{0CCD4BE1-4DBA-4373-A2AC-6B4BA9CB6719}.Debug|Any CPU.Build.0 = Debug|Any CPU
		{0CCD4BE1-4DBA-4373-A2AC-6B4BA9CB6719}.Debug|ARM.ActiveCfg = Debug|Any CPU
		{0CCD4BE1-4DBA-4373-A2AC-6B4BA9CB6719}.Debug|ARM.Build.0 = Debug|Any CPU
		{0CCD4BE1-4DBA-4373-A2AC-6B4BA9CB6719}.Debug|ARM64.ActiveCfg = Debug|Any CPU
		{0CCD4BE1-4DBA-4373-A2AC-6B4BA9CB6719}.Debug|ARM64.Build.0 = Debug|Any CPU
		{0CCD4BE1-4DBA-4373-A2AC-6B4BA9CB6719}.Debug|x64.ActiveCfg = Debug|Any CPU
		{0CCD4BE1-4DBA-4373-A2AC-6B4BA9CB6719}.Debug|x64.Build.0 = Debug|Any CPU
		{0CCD4BE1-4DBA-4373-A2AC-6B4BA9CB6719}.Debug|x86.ActiveCfg = Debug|Any CPU
		{0CCD4BE1-4DBA-4373-A2AC-6B4BA9CB6719}.Debug|x86.Build.0 = Debug|Any CPU
		{0CCD4BE1-4DBA-4373-A2AC-6B4BA9CB6719}.Release|Any CPU.ActiveCfg = Release|Any CPU
		{0CCD4BE1-4DBA-4373-A2AC-6B4BA9CB6719}.Release|Any CPU.Build.0 = Release|Any CPU
		{0CCD4BE1-4DBA-4373-A2AC-6B4BA9CB6719}.Release|ARM.ActiveCfg = Release|Any CPU
		{0CCD4BE1-4DBA-4373-A2AC-6B4BA9CB6719}.Release|ARM.Build.0 = Release|Any CPU
		{0CCD4BE1-4DBA-4373-A2AC-6B4BA9CB6719}.Release|ARM64.ActiveCfg = Release|Any CPU
		{0CCD4BE1-4DBA-4373-A2AC-6B4BA9CB6719}.Release|ARM64.Build.0 = Release|Any CPU
		{0CCD4BE1-4DBA-4373-A2AC-6B4BA9CB6719}.Release|x64.ActiveCfg = Release|Any CPU
		{0CCD4BE1-4DBA-4373-A2AC-6B4BA9CB6719}.Release|x64.Build.0 = Release|Any CPU
		{0CCD4BE1-4DBA-4373-A2AC-6B4BA9CB6719}.Release|x86.ActiveCfg = Release|Any CPU
		{0CCD4BE1-4DBA-4373-A2AC-6B4BA9CB6719}.Release|x86.Build.0 = Release|Any CPU
		{1ABBFCA6-5B79-4AC6-BC0D-A421CE63B318}.Debug|Any CPU.ActiveCfg = Debug|Any CPU
		{1ABBFCA6-5B79-4AC6-BC0D-A421CE63B318}.Debug|Any CPU.Build.0 = Debug|Any CPU
		{1ABBFCA6-5B79-4AC6-BC0D-A421CE63B318}.Debug|ARM.ActiveCfg = Debug|Any CPU
		{1ABBFCA6-5B79-4AC6-BC0D-A421CE63B318}.Debug|ARM.Build.0 = Debug|Any CPU
		{1ABBFCA6-5B79-4AC6-BC0D-A421CE63B318}.Debug|ARM64.ActiveCfg = Debug|Any CPU
		{1ABBFCA6-5B79-4AC6-BC0D-A421CE63B318}.Debug|ARM64.Build.0 = Debug|Any CPU
		{1ABBFCA6-5B79-4AC6-BC0D-A421CE63B318}.Debug|x64.ActiveCfg = Debug|Any CPU
		{1ABBFCA6-5B79-4AC6-BC0D-A421CE63B318}.Debug|x64.Build.0 = Debug|Any CPU
		{1ABBFCA6-5B79-4AC6-BC0D-A421CE63B318}.Debug|x86.ActiveCfg = Debug|Any CPU
		{1ABBFCA6-5B79-4AC6-BC0D-A421CE63B318}.Debug|x86.Build.0 = Debug|Any CPU
		{1ABBFCA6-5B79-4AC6-BC0D-A421CE63B318}.Release|Any CPU.ActiveCfg = Release|Any CPU
		{1ABBFCA6-5B79-4AC6-BC0D-A421CE63B318}.Release|Any CPU.Build.0 = Release|Any CPU
		{1ABBFCA6-5B79-4AC6-BC0D-A421CE63B318}.Release|ARM.ActiveCfg = Release|Any CPU
		{1ABBFCA6-5B79-4AC6-BC0D-A421CE63B318}.Release|ARM.Build.0 = Release|Any CPU
		{1ABBFCA6-5B79-4AC6-BC0D-A421CE63B318}.Release|ARM64.ActiveCfg = Release|Any CPU
		{1ABBFCA6-5B79-4AC6-BC0D-A421CE63B318}.Release|ARM64.Build.0 = Release|Any CPU
		{1ABBFCA6-5B79-4AC6-BC0D-A421CE63B318}.Release|x64.ActiveCfg = Release|Any CPU
		{1ABBFCA6-5B79-4AC6-BC0D-A421CE63B318}.Release|x64.Build.0 = Release|Any CPU
		{1ABBFCA6-5B79-4AC6-BC0D-A421CE63B318}.Release|x86.ActiveCfg = Release|Any CPU
		{1ABBFCA6-5B79-4AC6-BC0D-A421CE63B318}.Release|x86.Build.0 = Release|Any CPU
		{BF977A00-BFD0-4CEE-A80F-29DCDB636C05}.Debug|Any CPU.ActiveCfg = Debug|Any CPU
		{BF977A00-BFD0-4CEE-A80F-29DCDB636C05}.Debug|Any CPU.Build.0 = Debug|Any CPU
		{BF977A00-BFD0-4CEE-A80F-29DCDB636C05}.Debug|ARM.ActiveCfg = Debug|Any CPU
		{BF977A00-BFD0-4CEE-A80F-29DCDB636C05}.Debug|ARM.Build.0 = Debug|Any CPU
		{BF977A00-BFD0-4CEE-A80F-29DCDB636C05}.Debug|ARM64.ActiveCfg = Debug|Any CPU
		{BF977A00-BFD0-4CEE-A80F-29DCDB636C05}.Debug|ARM64.Build.0 = Debug|Any CPU
		{BF977A00-BFD0-4CEE-A80F-29DCDB636C05}.Debug|x64.ActiveCfg = Debug|Any CPU
		{BF977A00-BFD0-4CEE-A80F-29DCDB636C05}.Debug|x64.Build.0 = Debug|Any CPU
		{BF977A00-BFD0-4CEE-A80F-29DCDB636C05}.Debug|x86.ActiveCfg = Debug|Any CPU
		{BF977A00-BFD0-4CEE-A80F-29DCDB636C05}.Debug|x86.Build.0 = Debug|Any CPU
		{BF977A00-BFD0-4CEE-A80F-29DCDB636C05}.Release|Any CPU.ActiveCfg = Release|Any CPU
		{BF977A00-BFD0-4CEE-A80F-29DCDB636C05}.Release|Any CPU.Build.0 = Release|Any CPU
		{BF977A00-BFD0-4CEE-A80F-29DCDB636C05}.Release|ARM.ActiveCfg = Release|Any CPU
		{BF977A00-BFD0-4CEE-A80F-29DCDB636C05}.Release|ARM.Build.0 = Release|Any CPU
		{BF977A00-BFD0-4CEE-A80F-29DCDB636C05}.Release|ARM64.ActiveCfg = Release|Any CPU
		{BF977A00-BFD0-4CEE-A80F-29DCDB636C05}.Release|ARM64.Build.0 = Release|Any CPU
		{BF977A00-BFD0-4CEE-A80F-29DCDB636C05}.Release|x64.ActiveCfg = Release|Any CPU
		{BF977A00-BFD0-4CEE-A80F-29DCDB636C05}.Release|x64.Build.0 = Release|Any CPU
		{BF977A00-BFD0-4CEE-A80F-29DCDB636C05}.Release|x86.ActiveCfg = Release|Any CPU
		{BF977A00-BFD0-4CEE-A80F-29DCDB636C05}.Release|x86.Build.0 = Release|Any CPU
		{DC24B60A-BB14-4E7A-8FCC-75F7E6A31428}.Debug|Any CPU.ActiveCfg = Debug|Any CPU
		{DC24B60A-BB14-4E7A-8FCC-75F7E6A31428}.Debug|Any CPU.Build.0 = Debug|Any CPU
		{DC24B60A-BB14-4E7A-8FCC-75F7E6A31428}.Debug|ARM.ActiveCfg = Debug|Any CPU
		{DC24B60A-BB14-4E7A-8FCC-75F7E6A31428}.Debug|ARM.Build.0 = Debug|Any CPU
		{DC24B60A-BB14-4E7A-8FCC-75F7E6A31428}.Debug|ARM64.ActiveCfg = Debug|Any CPU
		{DC24B60A-BB14-4E7A-8FCC-75F7E6A31428}.Debug|ARM64.Build.0 = Debug|Any CPU
		{DC24B60A-BB14-4E7A-8FCC-75F7E6A31428}.Debug|x64.ActiveCfg = Debug|Any CPU
		{DC24B60A-BB14-4E7A-8FCC-75F7E6A31428}.Debug|x64.Build.0 = Debug|Any CPU
		{DC24B60A-BB14-4E7A-8FCC-75F7E6A31428}.Debug|x86.ActiveCfg = Debug|Any CPU
		{DC24B60A-BB14-4E7A-8FCC-75F7E6A31428}.Debug|x86.Build.0 = Debug|Any CPU
		{DC24B60A-BB14-4E7A-8FCC-75F7E6A31428}.Release|Any CPU.ActiveCfg = Release|Any CPU
		{DC24B60A-BB14-4E7A-8FCC-75F7E6A31428}.Release|Any CPU.Build.0 = Release|Any CPU
		{DC24B60A-BB14-4E7A-8FCC-75F7E6A31428}.Release|ARM.ActiveCfg = Release|Any CPU
		{DC24B60A-BB14-4E7A-8FCC-75F7E6A31428}.Release|ARM.Build.0 = Release|Any CPU
		{DC24B60A-BB14-4E7A-8FCC-75F7E6A31428}.Release|ARM64.ActiveCfg = Release|Any CPU
		{DC24B60A-BB14-4E7A-8FCC-75F7E6A31428}.Release|ARM64.Build.0 = Release|Any CPU
		{DC24B60A-BB14-4E7A-8FCC-75F7E6A31428}.Release|x64.ActiveCfg = Release|Any CPU
		{DC24B60A-BB14-4E7A-8FCC-75F7E6A31428}.Release|x64.Build.0 = Release|Any CPU
		{DC24B60A-BB14-4E7A-8FCC-75F7E6A31428}.Release|x86.ActiveCfg = Release|Any CPU
		{DC24B60A-BB14-4E7A-8FCC-75F7E6A31428}.Release|x86.Build.0 = Release|Any CPU
	EndGlobalSection
	GlobalSection(SolutionProperties) = preSolution
		HideSolutionNode = FALSE
	EndGlobalSection
	GlobalSection(ExtensibilityGlobals) = postSolution
		SolutionGuid = {6654DEF5-CA1D-4EB4-BB36-7673D0C0188F}
	EndGlobalSection
EndGlobal
